
Microsoft Visual Studio Solution File, Format Version 12.00
# Visual Studio Version 17
VisualStudioVersion = 17.0.31903.59
MinimumVisualStudioVersion = 10.0.40219.1
Project("{2150E333-8FDC-42A3-9474-1A3956D46DE8}") = "src", "src", "{B779E7E9-4947-4FF2-934E-DA8B8C7A3976}"
EndProject
Project("{2150E333-8FDC-42A3-9474-1A3956D46DE8}") = "Shared", "Shared", "{FF8AFCA9-964D-4DFD-9E64-44B78D0CFBD5}"
EndProject
Project("{FAE04EC0-301F-11D3-BF4B-00C04F79EFBC}") = "Marketplace.Domain", "src\Shared\Marketplace.Domain\Marketplace.Domain.csproj", "{7A1FF61A-9E7B-46D5-B6E6-10880818C44A}"
EndProject
Project("{FAE04EC0-301F-11D3-BF4B-00C04F79EFBC}") = "Marketplace.Application", "src\Shared\Marketplace.Application\Marketplace.Application.csproj", "{BFF5F51D-A960-4497-B1B1-B39FCD0CB1F6}"
EndProject
Project("{FAE04EC0-301F-11D3-BF4B-00C04F79EFBC}") = "Marketplace.Infrastructure", "src\Shared\Marketplace.Infrastructure\Marketplace.Infrastructure.csproj", "{A6410B91-3626-4FBB-9A12-DD09A2441FAE}"
EndProject
Project("{FAE04EC0-301F-11D3-BF4B-00C04F79EFBC}") = "Marketplace.Common", "src\Shared\Marketplace.Common\Marketplace.Common.csproj", "{6E11EF65-14EC-4617-AD1A-5075B6E6374F}"
EndProject
Project("{2150E333-8FDC-42A3-9474-1A3956D46DE8}") = "Services", "Services", "{273B8F22-A773-4196-B401-5A2A4BE8D0C6}"
EndProject
Project("{FAE04EC0-301F-11D3-BF4B-00C04F79EFBC}") = "User.API", "src\Services\User.API\User.API.csproj", "{348C45BC-BDB2-420F-8814-1FD5DB5683B9}"
EndProject
Project("{2150E333-8FDC-42A3-9474-1A3956D46DE8}") = "tests", "tests", "{61D680C1-311B-46E2-8A52-E85B3ADD782F}"
EndProject
Project("{2150E333-8FDC-42A3-9474-1A3956D46DE8}") = "Unit", "Unit", "{AD87A1FA-E228-41A4-A951-7842FC048B7C}"
EndProject
Project("{FAE04EC0-301F-11D3-BF4B-00C04F79EFBC}") = "User.API.Tests", "tests\Unit\User.API.Tests\User.API.Tests.csproj", "{07C816B8-5EE7-49B1-B870-9967C5729E97}"
EndProject
Project("{2150E333-8FDC-42A3-9474-1A3956D46DE8}") = "Integration", "Integration", "{B257CD46-0FD6-44D5-93CE-C6BA286E42B2}"
EndProject
Project("{FAE04EC0-301F-11D3-BF4B-00C04F79EFBC}") = "User.API.IntegrationTests", "tests\Integration\User.API.IntegrationTests\User.API.IntegrationTests.csproj", "{88BD0091-C889-4E98-A176-1D7B6109E901}"
EndProject
Global
	GlobalSection(SolutionConfigurationPlatforms) = preSolution
		Debug|Any CPU = Debug|Any CPU
		Release|Any CPU = Release|Any CPU
	EndGlobalSection
	GlobalSection(SolutionProperties) = preSolution
		HideSolutionNode = FALSE
	EndGlobalSection
	GlobalSection(ProjectConfigurationPlatforms) = postSolution
		{7A1FF61A-9E7B-46D5-B6E6-10880818C44A}.Debug|Any CPU.ActiveCfg = Debug|Any CPU
		{7A1FF61A-9E7B-46D5-B6E6-10880818C44A}.Debug|Any CPU.Build.0 = Debug|Any CPU
		{7A1FF61A-9E7B-46D5-B6E6-10880818C44A}.Release|Any CPU.ActiveCfg = Release|Any CPU
		{7A1FF61A-9E7B-46D5-B6E6-10880818C44A}.Release|Any CPU.Build.0 = Release|Any CPU
		{BFF5F51D-A960-4497-B1B1-B39FCD0CB1F6}.Debug|Any CPU.ActiveCfg = Debug|Any CPU
		{BFF5F51D-A960-4497-B1B1-B39FCD0CB1F6}.Debug|Any CPU.Build.0 = Debug|Any CPU
		{BFF5F51D-A960-4497-B1B1-B39FCD0CB1F6}.Release|Any CPU.ActiveCfg = Release|Any CPU
		{BFF5F51D-A960-4497-B1B1-B39FCD0CB1F6}.Release|Any CPU.Build.0 = Release|Any CPU
		{A6410B91-3626-4FBB-9A12-DD09A2441FAE}.Debug|Any CPU.ActiveCfg = Debug|Any CPU
		{A6410B91-3626-4FBB-9A12-DD09A2441FAE}.Debug|Any CPU.Build.0 = Debug|Any CPU
		{A6410B91-3626-4FBB-9A12-DD09A2441FAE}.Release|Any CPU.ActiveCfg = Release|Any CPU
		{A6410B91-3626-4FBB-9A12-DD09A2441FAE}.Release|Any CPU.Build.0 = Release|Any CPU
		{6E11EF65-14EC-4617-AD1A-5075B6E6374F}.Debug|Any CPU.ActiveCfg = Debug|Any CPU
		{6E11EF65-14EC-4617-AD1A-5075B6E6374F}.Debug|Any CPU.Build.0 = Debug|Any CPU
		{6E11EF65-14EC-4617-AD1A-5075B6E6374F}.Release|Any CPU.ActiveCfg = Release|Any CPU
		{6E11EF65-14EC-4617-AD1A-5075B6E6374F}.Release|Any CPU.Build.0 = Release|Any CPU
		{348C45BC-BDB2-420F-8814-1FD5DB5683B9}.Debug|Any CPU.ActiveCfg = Debug|Any CPU
		{348C45BC-BDB2-420F-8814-1FD5DB5683B9}.Debug|Any CPU.Build.0 = Debug|Any CPU
		{348C45BC-BDB2-420F-8814-1FD5DB5683B9}.Release|Any CPU.ActiveCfg = Release|Any CPU
		{348C45BC-BDB2-420F-8814-1FD5DB5683B9}.Release|Any CPU.Build.0 = Release|Any CPU
		{07C816B8-5EE7-49B1-B870-9967C5729E97}.Debug|Any CPU.ActiveCfg = Debug|Any CPU
		{07C816B8-5EE7-49B1-B870-9967C5729E97}.Debug|Any CPU.Build.0 = Debug|Any CPU
		{07C816B8-5EE7-49B1-B870-9967C5729E97}.Release|Any CPU.ActiveCfg = Release|Any CPU
		{07C816B8-5EE7-49B1-B870-9967C5729E97}.Release|Any CPU.Build.0 = Release|Any CPU
		{88BD0091-C889-4E98-A176-1D7B6109E901}.Debug|Any CPU.ActiveCfg = Debug|Any CPU
		{88BD0091-C889-4E98-A176-1D7B6109E901}.Debug|Any CPU.Build.0 = Debug|Any CPU
		{88BD0091-C889-4E98-A176-1D7B6109E901}.Release|Any CPU.ActiveCfg = Release|Any CPU
		{88BD0091-C889-4E98-A176-1D7B6109E901}.Release|Any CPU.Build.0 = Release|Any CPU
	EndGlobalSection
	GlobalSection(NestedProjects) = preSolution
		{FF8AFCA9-964D-4DFD-9E64-44B78D0CFBD5} = {B779E7E9-4947-4FF2-934E-DA8B8C7A3976}
		{7A1FF61A-9E7B-46D5-B6E6-10880818C44A} = {FF8AFCA9-964D-4DFD-9E64-44B78D0CFBD5}
		{BFF5F51D-A960-4497-B1B1-B39FCD0CB1F6} = {FF8AFCA9-964D-4DFD-9E64-44B78D0CFBD5}
		{A6410B91-3626-4FBB-9A12-DD09A2441FAE} = {FF8AFCA9-964D-4DFD-9E64-44B78D0CFBD5}
		{6E11EF65-14EC-4617-AD1A-5075B6E6374F} = {FF8AFCA9-964D-4DFD-9E64-44B78D0CFBD5}
		{273B8F22-A773-4196-B401-5A2A4BE8D0C6} = {B779E7E9-4947-4FF2-934E-DA8B8C7A3976}
		{348C45BC-BDB2-420F-8814-1FD5DB5683B9} = {273B8F22-A773-4196-B401-5A2A4BE8D0C6}
		{AD87A1FA-E228-41A4-A951-7842FC048B7C} = {61D680C1-311B-46E2-8A52-E85B3ADD782F}
		{07C816B8-5EE7-49B1-B870-9967C5729E97} = {AD87A1FA-E228-41A4-A951-7842FC048B7C}
		{B257CD46-0FD6-44D5-93CE-C6BA286E42B2} = {61D680C1-311B-46E2-8A52-E85B3ADD782F}
		{88BD0091-C889-4E98-A176-1D7B6109E901} = {B257CD46-0FD6-44D5-93CE-C6BA286E42B2}
	EndGlobalSection
EndGlobal
