
Microsoft Visual Studio Solution File, Format Version 12.00
# Visual Studio Version 17
VisualStudioVersion = 17.0.31903.59
MinimumVisualStudioVersion = 10.0.40219.1
Project("{2150E333-8FDC-42A3-9474-1A3956D46DE8}") = "src", "src", "{9EE355E5-490A-4781-83EA-B9498DAE7BA0}"
EndProject
Project("{2150E333-8FDC-42A3-9474-1A3956D46DE8}") = "Services", "Services", "{B620FDBB-3F90-4302-853B-4CEA63593918}"
EndProject
Project("{FAE04EC0-301F-11D3-BF4B-00C04F79EFBC}") = "User.API", "src\Services\User.API\User.API.csproj", "{4B9CE85E-0038-4822-A0F7-24FA94A624D6}"
EndProject
Project("{2150E333-8FDC-42A3-9474-1A3956D46DE8}") = "Shared", "Shared", "{D6BBA1F0-F54E-4D27-98D6-BD65FD62649A}"
EndProject
Project("{FAE04EC0-301F-11D3-BF4B-00C04F79EFBC}") = "Marketplace.Domain", "src\Shared\Marketplace.Domain\Marketplace.Domain.csproj", "{5015D37B-BA09-449A-8FC3-9710C6067F8F}"
EndProject
Project("{FAE04EC0-301F-11D3-BF4B-00C04F79EFBC}") = "Marketplace.Application", "src\Shared\Marketplace.Application\Marketplace.Application.csproj", "{851FF465-2CB9-447D-94B6-0610C7804EFE}"
EndProject
Project("{FAE04EC0-301F-11D3-BF4B-00C04F79EFBC}") = "Marketplace.Infrastructure", "src\Shared\Marketplace.Infrastructure\Marketplace.Infrastructure.csproj", "{300F0AAE-FFD4-4E48-86AB-9C6126627C18}"
EndProject
Project("{FAE04EC0-301F-11D3-BF4B-00C04F79EFBC}") = "Marketplace.Common", "src\Shared\Marketplace.Common\Marketplace.Common.csproj", "{B4B11AEF-6CE3-40D0-A29F-EAFF1C509B15}"
EndProject
Project("{2150E333-8FDC-42A3-9474-1A3956D46DE8}") = "tests", "tests", "{6C097B9D-C7F1-463C-B20C-1BB00E420E37}"
EndProject
Project("{2150E333-8FDC-42A3-9474-1A3956D46DE8}") = "Unit", "Unit", "{91EF64E1-71E0-4C63-B5FA-8C70A916196A}"
EndProject
Project("{FAE04EC0-301F-11D3-BF4B-00C04F79EFBC}") = "User.API.Tests", "tests\Unit\User.API.Tests\User.API.Tests.csproj", "{F54B6C9D-389A-4528-80FD-57BBD4DDB902}"
EndProject
Project("{2150E333-8FDC-42A3-9474-1A3956D46DE8}") = "Integration", "Integration", "{79A63094-5706-42AE-8921-E5B9E5E0CDF9}"
EndProject
Project("{FAE04EC0-301F-11D3-BF4B-00C04F79EFBC}") = "User.API.IntegrationTests", "tests\Integration\User.API.IntegrationTests\User.API.IntegrationTests.csproj", "{3394D483-6544-49B1-B271-E869FC3CEBE5}"
EndProject
Global
	GlobalSection(SolutionConfigurationPlatforms) = preSolution
		Debug|Any CPU = Debug|Any CPU
		Release|Any CPU = Release|Any CPU
	EndGlobalSection
	GlobalSection(SolutionProperties) = preSolution
		HideSolutionNode = FALSE
	EndGlobalSection
	GlobalSection(ProjectConfigurationPlatforms) = postSolution
		{4B9CE85E-0038-4822-A0F7-24FA94A624D6}.Debug|Any CPU.ActiveCfg = Debug|Any CPU
		{4B9CE85E-0038-4822-A0F7-24FA94A624D6}.Debug|Any CPU.Build.0 = Debug|Any CPU
		{4B9CE85E-0038-4822-A0F7-24FA94A624D6}.Release|Any CPU.ActiveCfg = Release|Any CPU
		{4B9CE85E-0038-4822-A0F7-24FA94A624D6}.Release|Any CPU.Build.0 = Release|Any CPU
		{5015D37B-BA09-449A-8FC3-9710C6067F8F}.Debug|Any CPU.ActiveCfg = Debug|Any CPU
		{5015D37B-BA09-449A-8FC3-9710C6067F8F}.Debug|Any CPU.Build.0 = Debug|Any CPU
		{5015D37B-BA09-449A-8FC3-9710C6067F8F}.Release|Any CPU.ActiveCfg = Release|Any CPU
		{5015D37B-BA09-449A-8FC3-9710C6067F8F}.Release|Any CPU.Build.0 = Release|Any CPU
		{851FF465-2CB9-447D-94B6-0610C7804EFE}.Debug|Any CPU.ActiveCfg = Debug|Any CPU
		{851FF465-2CB9-447D-94B6-0610C7804EFE}.Debug|Any CPU.Build.0 = Debug|Any CPU
		{851FF465-2CB9-447D-94B6-0610C7804EFE}.Release|Any CPU.ActiveCfg = Release|Any CPU
		{851FF465-2CB9-447D-94B6-0610C7804EFE}.Release|Any CPU.Build.0 = Release|Any CPU
		{300F0AAE-FFD4-4E48-86AB-9C6126627C18}.Debug|Any CPU.ActiveCfg = Debug|Any CPU
		{300F0AAE-FFD4-4E48-86AB-9C6126627C18}.Debug|Any CPU.Build.0 = Debug|Any CPU
		{300F0AAE-FFD4-4E48-86AB-9C6126627C18}.Release|Any CPU.ActiveCfg = Release|Any CPU
		{300F0AAE-FFD4-4E48-86AB-9C6126627C18}.Release|Any CPU.Build.0 = Release|Any CPU
		{B4B11AEF-6CE3-40D0-A29F-EAFF1C509B15}.Debug|Any CPU.ActiveCfg = Debug|Any CPU
		{B4B11AEF-6CE3-40D0-A29F-EAFF1C509B15}.Debug|Any CPU.Build.0 = Debug|Any CPU
		{B4B11AEF-6CE3-40D0-A29F-EAFF1C509B15}.Release|Any CPU.ActiveCfg = Release|Any CPU
		{B4B11AEF-6CE3-40D0-A29F-EAFF1C509B15}.Release|Any CPU.Build.0 = Release|Any CPU
		{F54B6C9D-389A-4528-80FD-57BBD4DDB902}.Debug|Any CPU.ActiveCfg = Debug|Any CPU
		{F54B6C9D-389A-4528-80FD-57BBD4DDB902}.Debug|Any CPU.Build.0 = Debug|Any CPU
		{F54B6C9D-389A-4528-80FD-57BBD4DDB902}.Release|Any CPU.ActiveCfg = Release|Any CPU
		{F54B6C9D-389A-4528-80FD-57BBD4DDB902}.Release|Any CPU.Build.0 = Release|Any CPU
		{3394D483-6544-49B1-B271-E869FC3CEBE5}.Debug|Any CPU.ActiveCfg = Debug|Any CPU
		{3394D483-6544-49B1-B271-E869FC3CEBE5}.Debug|Any CPU.Build.0 = Debug|Any CPU
		{3394D483-6544-49B1-B271-E869FC3CEBE5}.Release|Any CPU.ActiveCfg = Release|Any CPU
		{3394D483-6544-49B1-B271-E869FC3CEBE5}.Release|Any CPU.Build.0 = Release|Any CPU
	EndGlobalSection
	GlobalSection(NestedProjects) = preSolution
		{B620FDBB-3F90-4302-853B-4CEA63593918} = {9EE355E5-490A-4781-83EA-B9498DAE7BA0}
		{4B9CE85E-0038-4822-A0F7-24FA94A624D6} = {B620FDBB-3F90-4302-853B-4CEA63593918}
		{D6BBA1F0-F54E-4D27-98D6-BD65FD62649A} = {9EE355E5-490A-4781-83EA-B9498DAE7BA0}
		{5015D37B-BA09-449A-8FC3-9710C6067F8F} = {D6BBA1F0-F54E-4D27-98D6-BD65FD62649A}
		{851FF465-2CB9-447D-94B6-0610C7804EFE} = {D6BBA1F0-F54E-4D27-98D6-BD65FD62649A}
		{300F0AAE-FFD4-4E48-86AB-9C6126627C18} = {D6BBA1F0-F54E-4D27-98D6-BD65FD62649A}
		{B4B11AEF-6CE3-40D0-A29F-EAFF1C509B15} = {D6BBA1F0-F54E-4D27-98D6-BD65FD62649A}
		{91EF64E1-71E0-4C63-B5FA-8C70A916196A} = {6C097B9D-C7F1-463C-B20C-1BB00E420E37}
		{F54B6C9D-389A-4528-80FD-57BBD4DDB902} = {91EF64E1-71E0-4C63-B5FA-8C70A916196A}
		{79A63094-5706-42AE-8921-E5B9E5E0CDF9} = {6C097B9D-C7F1-463C-B20C-1BB00E420E37}
		{3394D483-6544-49B1-B271-E869FC3CEBE5} = {79A63094-5706-42AE-8921-E5B9E5E0CDF9}
	EndGlobalSection
EndGlobal
